
Microsoft Visual Studio Solution File, Format Version 12.00
# Visual Studio Version 17
VisualStudioVersion = 17.8.34309.116
MinimumVisualStudioVersion = 10.0.40219.1
Project("{FAE04EC0-301F-11D3-BF4B-00C04F79EFBC}") = "Dominata1", "Dominata1\Dominata1.csproj", "{4F3B454E-58FC-440F-9594-8B2585E62340}"
EndProject
Global
	GlobalSection(SolutionConfigurationPlatforms) = preSolution
		Debug|Any CPU = Debug|Any CPU
		Release|Any CPU = Release|Any CPU
	EndGlobalSection
	GlobalSection(ProjectConfigurationPlatforms) = postSolution
		{4F3B454E-58FC-440F-9594-8B2585E62340}.Debug|Any CPU.ActiveCfg = Debug|Any CPU
		{4F3B454E-58FC-440F-9594-8B2585E62340}.Debug|Any CPU.Build.0 = Debug|Any CPU
		{4F3B454E-58FC-440F-9594-8B2585E62340}.Release|Any CPU.ActiveCfg = Release|Any CPU
		{4F3B454E-58FC-440F-9594-8B2585E62340}.Release|Any CPU.Build.0 = Release|Any CPU
	EndGlobalSection
	GlobalSection(SolutionProperties) = preSolution
		HideSolutionNode = FALSE
	EndGlobalSection
	GlobalSection(ExtensibilityGlobals) = postSolution
		SolutionGuid = {37541B0B-1182-4F1E-9AAC-0704EF2D2441}
	EndGlobalSection
EndGlobal
